
Microsoft Visual Studio Solution File, Format Version 12.00
# Visual Studio 15
VisualStudioVersion = 15.0.27703.2000
MinimumVisualStudioVersion = 10.0.40219.1
Project("{FAE04EC0-301F-11D3-BF4B-00C04F79EFBC}") = "ArraysDemos", "ArraysDemos\ArraysDemos.csproj", "{2324E67F-E041-49A9-82B3-E5A53DFBB0E4}"
EndProject
Global
	GlobalSection(SolutionConfigurationPlatforms) = preSolution
		Debug|Any CPU = Debug|Any CPU
		Release|Any CPU = Release|Any CPU
	EndGlobalSection
	GlobalSection(ProjectConfigurationPlatforms) = postSolution
		{2324E67F-E041-49A9-82B3-E5A53DFBB0E4}.Debug|Any CPU.ActiveCfg = Debug|Any CPU
		{2324E67F-E041-49A9-82B3-E5A53DFBB0E4}.Debug|Any CPU.Build.0 = Debug|Any CPU
		{2324E67F-E041-49A9-82B3-E5A53DFBB0E4}.Release|Any CPU.ActiveCfg = Release|Any CPU
		{2324E67F-E041-49A9-82B3-E5A53DFBB0E4}.Release|Any CPU.Build.0 = Release|Any CPU
	EndGlobalSection
	GlobalSection(SolutionProperties) = preSolution
		HideSolutionNode = FALSE
	EndGlobalSection
	GlobalSection(ExtensibilityGlobals) = postSolution
		SolutionGuid = {438E3CA8-ED2F-4FF9-AF0A-FBA1C18726EA}
	EndGlobalSection
EndGlobal
