
Microsoft Visual Studio Solution File, Format Version 12.00
# Visual Studio 15
VisualStudioVersion = 15.0.27703.2000
MinimumVisualStudioVersion = 10.0.40219.1
Project("{FAE04EC0-301F-11D3-BF4B-00C04F79EFBC}") = "Ref_Val_Type_2", "Ref_Val_Type_2\Ref_Val_Type_2.csproj", "{2992F3D8-4661-47EC-8CEC-5290CD6B8203}"
EndProject
Global
	GlobalSection(SolutionConfigurationPlatforms) = preSolution
		Debug|Any CPU = Debug|Any CPU
		Release|Any CPU = Release|Any CPU
	EndGlobalSection
	GlobalSection(ProjectConfigurationPlatforms) = postSolution
		{2992F3D8-4661-47EC-8CEC-5290CD6B8203}.Debug|Any CPU.ActiveCfg = Debug|Any CPU
		{2992F3D8-4661-47EC-8CEC-5290CD6B8203}.Debug|Any CPU.Build.0 = Debug|Any CPU
		{2992F3D8-4661-47EC-8CEC-5290CD6B8203}.Release|Any CPU.ActiveCfg = Release|Any CPU
		{2992F3D8-4661-47EC-8CEC-5290CD6B8203}.Release|Any CPU.Build.0 = Release|Any CPU
	EndGlobalSection
	GlobalSection(SolutionProperties) = preSolution
		HideSolutionNode = FALSE
	EndGlobalSection
	GlobalSection(ExtensibilityGlobals) = postSolution
		SolutionGuid = {6B8DFD5D-7028-4E23-90F3-D2C7ED9C48CC}
	EndGlobalSection
EndGlobal
