
Microsoft Visual Studio Solution File, Format Version 12.00
# Visual Studio 15
VisualStudioVersion = 15.0.27703.2000
MinimumVisualStudioVersion = 10.0.40219.1
Project("{FAE04EC0-301F-11D3-BF4B-00C04F79EFBC}") = "Strings_Demo", "Strings_Demo\Strings_Demo.csproj", "{BEC724AD-C68F-4416-944E-869FE6A65026}"
EndProject
Global
	GlobalSection(SolutionConfigurationPlatforms) = preSolution
		Debug|Any CPU = Debug|Any CPU
		Release|Any CPU = Release|Any CPU
	EndGlobalSection
	GlobalSection(ProjectConfigurationPlatforms) = postSolution
		{BEC724AD-C68F-4416-944E-869FE6A65026}.Debug|Any CPU.ActiveCfg = Debug|Any CPU
		{BEC724AD-C68F-4416-944E-869FE6A65026}.Debug|Any CPU.Build.0 = Debug|Any CPU
		{BEC724AD-C68F-4416-944E-869FE6A65026}.Release|Any CPU.ActiveCfg = Release|Any CPU
		{BEC724AD-C68F-4416-944E-869FE6A65026}.Release|Any CPU.Build.0 = Release|Any CPU
	EndGlobalSection
	GlobalSection(SolutionProperties) = preSolution
		HideSolutionNode = FALSE
	EndGlobalSection
	GlobalSection(ExtensibilityGlobals) = postSolution
		SolutionGuid = {5F9C09A8-6E98-4610-8E44-F4D7F69B3339}
	EndGlobalSection
EndGlobal
